// !$*UTF8*$!
{
	archiveVersion = 1;
	classes = {
	};
	objectVersion = 51;
	objects = {

/* Begin PBXBuildFile section */
		1B6DC042E327C2FB805F5834 /* Pods_SmartScan.framework in Frameworks */ = {isa = PBXBuildFile; fileRef = 3115B30BEF256207805B0874 /* Pods_SmartScan.framework */; };
		CD4A2A7C23EF2FBF0005903D /* AppDelegate.swift in Sources */ = {isa = PBXBuildFile; fileRef = CD4A2A7B23EF2FBF0005903D /* AppDelegate.swift */; };
		CD4A2A7E23EF2FBF0005903D /* SceneDelegate.swift in Sources */ = {isa = PBXBuildFile; fileRef = CD4A2A7D23EF2FBF0005903D /* SceneDelegate.swift */; };
		CD4A2A8323EF2FBF0005903D /* Main.storyboard in Resources */ = {isa = PBXBuildFile; fileRef = CD4A2A8123EF2FBF0005903D /* Main.storyboard */; };
		CD4A2A8523EF2FC40005903D /* Assets.xcassets in Resources */ = {isa = PBXBuildFile; fileRef = CD4A2A8423EF2FC40005903D /* Assets.xcassets */; };
		CD4A2A8823EF2FC40005903D /* LaunchScreen.storyboard in Resources */ = {isa = PBXBuildFile; fileRef = CD4A2A8623EF2FC40005903D /* LaunchScreen.storyboard */; };
		CD4A2A9023EF31F90005903D /* ScannerViewController.swift in Sources */ = {isa = PBXBuildFile; fileRef = CD4A2A8F23EF31F90005903D /* ScannerViewController.swift */; };
		CD4A2A9223EF364E0005903D /* APIRequest.swift in Sources */ = {isa = PBXBuildFile; fileRef = CD4A2A9123EF364E0005903D /* APIRequest.swift */; };
		CD4A2A9423EF45BC0005903D /* DataViewController.swift in Sources */ = {isa = PBXBuildFile; fileRef = CD4A2A9323EF45BC0005903D /* DataViewController.swift */; };
		CDBB1A6F23EF820C0033152A /* FoodDataModel.swift in Sources */ = {isa = PBXBuildFile; fileRef = CDBB1A6E23EF820C0033152A /* FoodDataModel.swift */; };
/* End PBXBuildFile section */

/* Begin PBXFileReference section */
		3115B30BEF256207805B0874 /* Pods_SmartScan.framework */ = {isa = PBXFileReference; explicitFileType = wrapper.framework; includeInIndex = 0; path = Pods_SmartScan.framework; sourceTree = BUILT_PRODUCTS_DIR; };
		6B615FDB84468BC736E94144 /* Pods-SmartScan.release.xcconfig */ = {isa = PBXFileReference; includeInIndex = 1; lastKnownFileType = text.xcconfig; name = "Pods-SmartScan.release.xcconfig"; path = "Target Support Files/Pods-SmartScan/Pods-SmartScan.release.xcconfig"; sourceTree = "<group>"; };
		853FB2D2EE60CBD634BEF506 /* Pods-SmartScan.debug.xcconfig */ = {isa = PBXFileReference; includeInIndex = 1; lastKnownFileType = text.xcconfig; name = "Pods-SmartScan.debug.xcconfig"; path = "Target Support Files/Pods-SmartScan/Pods-SmartScan.debug.xcconfig"; sourceTree = "<group>"; };
		CD4A2A7823EF2FBF0005903D /* SmartScan.app */ = {isa = PBXFileReference; explicitFileType = wrapper.application; includeInIndex = 0; path = SmartScan.app; sourceTree = BUILT_PRODUCTS_DIR; };
		CD4A2A7B23EF2FBF0005903D /* AppDelegate.swift */ = {isa = PBXFileReference; lastKnownFileType = sourcecode.swift; path = AppDelegate.swift; sourceTree = "<group>"; };
		CD4A2A7D23EF2FBF0005903D /* SceneDelegate.swift */ = {isa = PBXFileReference; lastKnownFileType = sourcecode.swift; path = SceneDelegate.swift; sourceTree = "<group>"; };
		CD4A2A8223EF2FBF0005903D /* Base */ = {isa = PBXFileReference; lastKnownFileType = file.storyboard; name = Base; path = Base.lproj/Main.storyboard; sourceTree = "<group>"; };
		CD4A2A8423EF2FC40005903D /* Assets.xcassets */ = {isa = PBXFileReference; lastKnownFileType = folder.assetcatalog; path = Assets.xcassets; sourceTree = "<group>"; };
		CD4A2A8723EF2FC40005903D /* Base */ = {isa = PBXFileReference; lastKnownFileType = file.storyboard; name = Base; path = Base.lproj/LaunchScreen.storyboard; sourceTree = "<group>"; };
		CD4A2A8923EF2FC40005903D /* Info.plist */ = {isa = PBXFileReference; lastKnownFileType = text.plist.xml; path = Info.plist; sourceTree = "<group>"; };
		CD4A2A8F23EF31F90005903D /* ScannerViewController.swift */ = {isa = PBXFileReference; lastKnownFileType = sourcecode.swift; path = ScannerViewController.swift; sourceTree = "<group>"; };
		CD4A2A9123EF364E0005903D /* APIRequest.swift */ = {isa = PBXFileReference; lastKnownFileType = sourcecode.swift; path = APIRequest.swift; sourceTree = "<group>"; };
		CD4A2A9323EF45BC0005903D /* DataViewController.swift */ = {isa = PBXFileReference; lastKnownFileType = sourcecode.swift; path = DataViewController.swift; sourceTree = "<group>"; };
		CDBB1A6E23EF820C0033152A /* FoodDataModel.swift */ = {isa = PBXFileReference; lastKnownFileType = sourcecode.swift; path = FoodDataModel.swift; sourceTree = "<group>"; };
/* End PBXFileReference section */

/* Begin PBXFrameworksBuildPhase section */
		CD4A2A7523EF2FBF0005903D /* Frameworks */ = {
			isa = PBXFrameworksBuildPhase;
			buildActionMask = 2147483647;
			files = (
				1B6DC042E327C2FB805F5834 /* Pods_SmartScan.framework in Frameworks */,
			);
			runOnlyForDeploymentPostprocessing = 0;
		};
/* End PBXFrameworksBuildPhase section */

/* Begin PBXGroup section */
		674D1FD3C661B6B5981E35AA /* Frameworks */ = {
			isa = PBXGroup;
			children = (
				3115B30BEF256207805B0874 /* Pods_SmartScan.framework */,
			);
			name = Frameworks;
			sourceTree = "<group>";
		};
		AB4DBF11ECA53B471DC63422 /* Pods */ = {
			isa = PBXGroup;
			children = (
				853FB2D2EE60CBD634BEF506 /* Pods-SmartScan.debug.xcconfig */,
				6B615FDB84468BC736E94144 /* Pods-SmartScan.release.xcconfig */,
			);
			path = Pods;
			sourceTree = "<group>";
		};
		CD4A2A6F23EF2FBF0005903D = {
			isa = PBXGroup;
			children = (
				CD4A2A7A23EF2FBF0005903D /* SmartScan */,
				CD4A2A7923EF2FBF0005903D /* Products */,
				AB4DBF11ECA53B471DC63422 /* Pods */,
				674D1FD3C661B6B5981E35AA /* Frameworks */,
			);
			sourceTree = "<group>";
		};
		CD4A2A7923EF2FBF0005903D /* Products */ = {
			isa = PBXGroup;
			children = (
				CD4A2A7823EF2FBF0005903D /* SmartScan.app */,
			);
			name = Products;
			sourceTree = "<group>";
		};
		CD4A2A7A23EF2FBF0005903D /* SmartScan */ = {
			isa = PBXGroup;
			children = (
				CD4A2A7B23EF2FBF0005903D /* AppDelegate.swift */,
				CDBB1A6D23EF81C80033152A /* Model */,
				CD4A2A7D23EF2FBF0005903D /* SceneDelegate.swift */,
				CD4A2A8123EF2FBF0005903D /* Main.storyboard */,
				CD4A2A8423EF2FC40005903D /* Assets.xcassets */,
				CD4A2A8623EF2FC40005903D /* LaunchScreen.storyboard */,
				CD4A2A8923EF2FC40005903D /* Info.plist */,
				CD4A2A8F23EF31F90005903D /* ScannerViewController.swift */,
				CD4A2A9123EF364E0005903D /* APIRequest.swift */,
				CD4A2A9323EF45BC0005903D /* DataViewController.swift */,
			);
			path = SmartScan;
			sourceTree = "<group>";
		};
		CDBB1A6D23EF81C80033152A /* Model */ = {
			isa = PBXGroup;
			children = (
				CDBB1A6E23EF820C0033152A /* FoodDataModel.swift */,
			);
			path = Model;
			sourceTree = "<group>";
		};
/* End PBXGroup section */

/* Begin PBXNativeTarget section */
		CD4A2A7723EF2FBF0005903D /* SmartScan */ = {
			isa = PBXNativeTarget;
			buildConfigurationList = CD4A2A8C23EF2FC40005903D /* Build configuration list for PBXNativeTarget "SmartScan" */;
			buildPhases = (
				4E4BCBC281208F7F21651090 /* [CP] Check Pods Manifest.lock */,
				CD4A2A7423EF2FBF0005903D /* Sources */,
				CD4A2A7523EF2FBF0005903D /* Frameworks */,
				CD4A2A7623EF2FBF0005903D /* Resources */,
				1627C9DE384FFCFB5063B2D4 /* [CP] Embed Pods Frameworks */,
			);
			buildRules = (
			);
			dependencies = (
			);
			name = SmartScan;
			productName = SmartScan;
			productReference = CD4A2A7823EF2FBF0005903D /* SmartScan.app */;
			productType = "com.apple.product-type.application";
		};
/* End PBXNativeTarget section */

/* Begin PBXProject section */
		CD4A2A7023EF2FBF0005903D /* Project object */ = {
			isa = PBXProject;
			attributes = {
				LastSwiftUpdateCheck = 1130;
				LastUpgradeCheck = 1130;
				ORGANIZATIONNAME = "Gagandeep Kang";
				TargetAttributes = {
					CD4A2A7723EF2FBF0005903D = {
						CreatedOnToolsVersion = 11.3.1;
					};
				};
			};
			buildConfigurationList = CD4A2A7323EF2FBF0005903D /* Build configuration list for PBXProject "SmartScan" */;
			compatibilityVersion = "Xcode 9.3";
			developmentRegion = en;
			hasScannedForEncodings = 0;
			knownRegions = (
				en,
				Base,
			);
			mainGroup = CD4A2A6F23EF2FBF0005903D;
			productRefGroup = CD4A2A7923EF2FBF0005903D /* Products */;
			projectDirPath = "";
			projectRoot = "";
			targets = (
				CD4A2A7723EF2FBF0005903D /* SmartScan */,
			);
		};
/* End PBXProject section */

/* Begin PBXResourcesBuildPhase section */
		CD4A2A7623EF2FBF0005903D /* Resources */ = {
			isa = PBXResourcesBuildPhase;
			buildActionMask = 2147483647;
			files = (
				CD4A2A8823EF2FC40005903D /* LaunchScreen.storyboard in Resources */,
				CD4A2A8523EF2FC40005903D /* Assets.xcassets in Resources */,
				CD4A2A8323EF2FBF0005903D /* Main.storyboard in Resources */,
			);
			runOnlyForDeploymentPostprocessing = 0;
		};
/* End PBXResourcesBuildPhase section */

/* Begin PBXShellScriptBuildPhase section */
		1627C9DE384FFCFB5063B2D4 /* [CP] Embed Pods Frameworks */ = {
			isa = PBXShellScriptBuildPhase;
			buildActionMask = 2147483647;
			files = (
			);
			inputFileListPaths = (
				"${PODS_ROOT}/Target Support Files/Pods-SmartScan/Pods-SmartScan-frameworks-${CONFIGURATION}-input-files.xcfilelist",
			);
			name = "[CP] Embed Pods Frameworks";
			outputFileListPaths = (
				"${PODS_ROOT}/Target Support Files/Pods-SmartScan/Pods-SmartScan-frameworks-${CONFIGURATION}-output-files.xcfilelist",
			);
			runOnlyForDeploymentPostprocessing = 0;
			shellPath = /bin/sh;
			shellScript = "\"${PODS_ROOT}/Target Support Files/Pods-SmartScan/Pods-SmartScan-frameworks.sh\"\n";
			showEnvVarsInLog = 0;
		};
		4E4BCBC281208F7F21651090 /* [CP] Check Pods Manifest.lock */ = {
			isa = PBXShellScriptBuildPhase;
			buildActionMask = 2147483647;
			files = (
			);
			inputFileListPaths = (
			);
			inputPaths = (
				"${PODS_PODFILE_DIR_PATH}/Podfile.lock",
				"${PODS_ROOT}/Manifest.lock",
			);
			name = "[CP] Check Pods Manifest.lock";
			outputFileListPaths = (
			);
			outputPaths = (
				"$(DERIVED_FILE_DIR)/Pods-SmartScan-checkManifestLockResult.txt",
			);
			runOnlyForDeploymentPostprocessing = 0;
			shellPath = /bin/sh;
			shellScript = "diff \"${PODS_PODFILE_DIR_PATH}/Podfile.lock\" \"${PODS_ROOT}/Manifest.lock\" > /dev/null\nif [ $? != 0 ] ; then\n    # print error to STDERR\n    echo \"error: The sandbox is not in sync with the Podfile.lock. Run 'pod install' or update your CocoaPods installation.\" >&2\n    exit 1\nfi\n# This output is used by Xcode 'outputs' to avoid re-running this script phase.\necho \"SUCCESS\" > \"${SCRIPT_OUTPUT_FILE_0}\"\n";
			showEnvVarsInLog = 0;
		};
/* End PBXShellScriptBuildPhase section */

/* Begin PBXSourcesBuildPhase section */
		CD4A2A7423EF2FBF0005903D /* Sources */ = {
			isa = PBXSourcesBuildPhase;
			buildActionMask = 2147483647;
			files = (
				CD4A2A7C23EF2FBF0005903D /* AppDelegate.swift in Sources */,
				CD4A2A7E23EF2FBF0005903D /* SceneDelegate.swift in Sources */,
				CD4A2A9423EF45BC0005903D /* DataViewController.swift in Sources */,
				CDBB1A6F23EF820C0033152A /* FoodDataModel.swift in Sources */,
				CD4A2A9223EF364E0005903D /* APIRequest.swift in Sources */,
				CD4A2A9023EF31F90005903D /* ScannerViewController.swift in Sources */,
			);
			runOnlyForDeploymentPostprocessing = 0;
		};
/* End PBXSourcesBuildPhase section */

/* Begin PBXVariantGroup section */
		CD4A2A8123EF2FBF0005903D /* Main.storyboard */ = {
			isa = PBXVariantGroup;
			children = (
				CD4A2A8223EF2FBF0005903D /* Base */,
			);
			name = Main.storyboard;
			sourceTree = "<group>";
		};
		CD4A2A8623EF2FC40005903D /* LaunchScreen.storyboard */ = {
			isa = PBXVariantGroup;
			children = (
				CD4A2A8723EF2FC40005903D /* Base */,
			);
			name = LaunchScreen.storyboard;
			sourceTree = "<group>";
		};
/* End PBXVariantGroup section */

/* Begin XCBuildConfiguration section */
		CD4A2A8A23EF2FC40005903D /* Debug */ = {
			isa = XCBuildConfiguration;
			buildSettings = {
				ALWAYS_SEARCH_USER_PATHS = NO;
				CLANG_ANALYZER_NONNULL = YES;
				CLANG_ANALYZER_NUMBER_OBJECT_CONVERSION = YES_AGGRESSIVE;
				CLANG_CXX_LANGUAGE_STANDARD = "gnu++14";
				CLANG_CXX_LIBRARY = "libc++";
				CLANG_ENABLE_MODULES = YES;
				CLANG_ENABLE_OBJC_ARC = YES;
				CLANG_ENABLE_OBJC_WEAK = YES;
				CLANG_WARN_BLOCK_CAPTURE_AUTORELEASING = YES;
				CLANG_WARN_BOOL_CONVERSION = YES;
				CLANG_WARN_COMMA = YES;
				CLANG_WARN_CONSTANT_CONVERSION = YES;
				CLANG_WARN_DEPRECATED_OBJC_IMPLEMENTATIONS = YES;
				CLANG_WARN_DIRECT_OBJC_ISA_USAGE = YES_ERROR;
				CLANG_WARN_DOCUMENTATION_COMMENTS = YES;
				CLANG_WARN_EMPTY_BODY = YES;
				CLANG_WARN_ENUM_CONVERSION = YES;
				CLANG_WARN_INFINITE_RECURSION = YES;
				CLANG_WARN_INT_CONVERSION = YES;
				CLANG_WARN_NON_LITERAL_NULL_CONVERSION = YES;
				CLANG_WARN_OBJC_IMPLICIT_RETAIN_SELF = YES;
				CLANG_WARN_OBJC_LITERAL_CONVERSION = YES;
				CLANG_WARN_OBJC_ROOT_CLASS = YES_ERROR;
				CLANG_WARN_RANGE_LOOP_ANALYSIS = YES;
				CLANG_WARN_STRICT_PROTOTYPES = YES;
				CLANG_WARN_SUSPICIOUS_MOVE = YES;
				CLANG_WARN_UNGUARDED_AVAILABILITY = YES_AGGRESSIVE;
				CLANG_WARN_UNREACHABLE_CODE = YES;
				CLANG_WARN__DUPLICATE_METHOD_MATCH = YES;
				COPY_PHASE_STRIP = NO;
				DEBUG_INFORMATION_FORMAT = dwarf;
				ENABLE_STRICT_OBJC_MSGSEND = YES;
				ENABLE_TESTABILITY = YES;
				GCC_C_LANGUAGE_STANDARD = gnu11;
				GCC_DYNAMIC_NO_PIC = NO;
				GCC_NO_COMMON_BLOCKS = YES;
				GCC_OPTIMIZATION_LEVEL = 0;
				GCC_PREPROCESSOR_DEFINITIONS = (
					"DEBUG=1",
					"$(inherited)",
				);
				GCC_WARN_64_TO_32_BIT_CONVERSION = YES;
				GCC_WARN_ABOUT_RETURN_TYPE = YES_ERROR;
				GCC_WARN_UNDECLARED_SELECTOR = YES;
				GCC_WARN_UNINITIALIZED_AUTOS = YES_AGGRESSIVE;
				GCC_WARN_UNUSED_FUNCTION = YES;
				GCC_WARN_UNUSED_VARIABLE = YES;
				IPHONEOS_DEPLOYMENT_TARGET = 13.2;
				MTL_ENABLE_DEBUG_INFO = INCLUDE_SOURCE;
				MTL_FAST_MATH = YES;
				ONLY_ACTIVE_ARCH = YES;
				SDKROOT = iphoneos;
				SWIFT_ACTIVE_COMPILATION_CONDITIONS = DEBUG;
				SWIFT_OPTIMIZATION_LEVEL = "-Onone";
			};
			name = Debug;
		};
		CD4A2A8B23EF2FC40005903D /* Release */ = {
			isa = XCBuildConfiguration;
			buildSettings = {
				ALWAYS_SEARCH_USER_PATHS = NO;
				CLANG_ANALYZER_NONNULL = YES;
				CLANG_ANALYZER_NUMBER_OBJECT_CONVERSION = YES_AGGRESSIVE;
				CLANG_CXX_LANGUAGE_STANDARD = "gnu++14";
				CLANG_CXX_LIBRARY = "libc++";
				CLANG_ENABLE_MODULES = YES;
				CLANG_ENABLE_OBJC_ARC = YES;
				CLANG_ENABLE_OBJC_WEAK = YES;
				CLANG_WARN_BLOCK_CAPTURE_AUTORELEASING = YES;
				CLANG_WARN_BOOL_CONVERSION = YES;
				CLANG_WARN_COMMA = YES;
				CLANG_WARN_CONSTANT_CONVERSION = YES;
				CLANG_WARN_DEPRECATED_OBJC_IMPLEMENTATIONS = YES;
				CLANG_WARN_DIRECT_OBJC_ISA_USAGE = YES_ERROR;
				CLANG_WARN_DOCUMENTATION_COMMENTS = YES;
				CLANG_WARN_EMPTY_BODY = YES;
				CLANG_WARN_ENUM_CONVERSION = YES;
				CLANG_WARN_INFINITE_RECURSION = YES;
				CLANG_WARN_INT_CONVERSION = YES;
				CLANG_WARN_NON_LITERAL_NULL_CONVERSION = YES;
				CLANG_WARN_OBJC_IMPLICIT_RETAIN_SELF = YES;
				CLANG_WARN_OBJC_LITERAL_CONVERSION = YES;
				CLANG_WARN_OBJC_ROOT_CLASS = YES_ERROR;
				CLANG_WARN_RANGE_LOOP_ANALYSIS = YES;
				CLANG_WARN_STRICT_PROTOTYPES = YES;
				CLANG_WARN_SUSPICIOUS_MOVE = YES;
				CLANG_WARN_UNGUARDED_AVAILABILITY = YES_AGGRESSIVE;
				CLANG_WARN_UNREACHABLE_CODE = YES;
				CLANG_WARN__DUPLICATE_METHOD_MATCH = YES;
				COPY_PHASE_STRIP = NO;
				DEBUG_INFORMATION_FORMAT = "dwarf-with-dsym";
				ENABLE_NS_ASSERTIONS = NO;
				ENABLE_STRICT_OBJC_MSGSEND = YES;
				GCC_C_LANGUAGE_STANDARD = gnu11;
				GCC_NO_COMMON_BLOCKS = YES;
				GCC_WARN_64_TO_32_BIT_CONVERSION = YES;
				GCC_WARN_ABOUT_RETURN_TYPE = YES_ERROR;
				GCC_WARN_UNDECLARED_SELECTOR = YES;
				GCC_WARN_UNINITIALIZED_AUTOS = YES_AGGRESSIVE;
				GCC_WARN_UNUSED_FUNCTION = YES;
				GCC_WARN_UNUSED_VARIABLE = YES;
				IPHONEOS_DEPLOYMENT_TARGET = 13.2;
				MTL_ENABLE_DEBUG_INFO = NO;
				MTL_FAST_MATH = YES;
				SDKROOT = iphoneos;
				SWIFT_COMPILATION_MODE = wholemodule;
				SWIFT_OPTIMIZATION_LEVEL = "-O";
				VALIDATE_PRODUCT = YES;
			};
			name = Release;
		};
		CD4A2A8D23EF2FC40005903D /* Debug */ = {
			isa = XCBuildConfiguration;
			baseConfigurationReference = 853FB2D2EE60CBD634BEF506 /* Pods-SmartScan.debug.xcconfig */;
			buildSettings = {
				ASSETCATALOG_COMPILER_APPICON_NAME = AppIcon;
				CODE_SIGN_STYLE = Automatic;
				DEVELOPMENT_TEAM = 2HJK3QQUJ6;
				INFOPLIST_FILE = SmartScan/Info.plist;
				LD_RUNPATH_SEARCH_PATHS = (
					"$(inherited)",
					"@executable_path/Frameworks",
				);
				PRODUCT_BUNDLE_IDENTIFIER = GagandeepKang.SmartScan;
				PRODUCT_NAME = "$(TARGET_NAME)";
				SWIFT_VERSION = 5.0;
				TARGETED_DEVICE_FAMILY = "1,2";
			};
			name = Debug;
		};
		CD4A2A8E23EF2FC40005903D /* Release */ = {
			isa = XCBuildConfiguration;
			baseConfigurationReference = 6B615FDB84468BC736E94144 /* Pods-SmartScan.release.xcconfig */;
			buildSettings = {
				ASSETCATALOG_COMPILER_APPICON_NAME = AppIcon;
				CODE_SIGN_STYLE = Automatic;
				DEVELOPMENT_TEAM = 2HJK3QQUJ6;
				INFOPLIST_FILE = SmartScan/Info.plist;
				LD_RUNPATH_SEARCH_PATHS = (
					"$(inherited)",
					"@executable_path/Frameworks",
				);
				PRODUCT_BUNDLE_IDENTIFIER = GagandeepKang.SmartScan;
				PRODUCT_NAME = "$(TARGET_NAME)";
				SWIFT_VERSION = 5.0;
				TARGETED_DEVICE_FAMILY = "1,2";
			};
			name = Release;
		};
/* End XCBuildConfiguration section */

/* Begin XCConfigurationList section */
		CD4A2A7323EF2FBF0005903D /* Build configuration list for PBXProject "SmartScan" */ = {
			isa = XCConfigurationList;
			buildConfigurations = (
				CD4A2A8A23EF2FC40005903D /* Debug */,
				CD4A2A8B23EF2FC40005903D /* Release */,
			);
			defaultConfigurationIsVisible = 0;
			defaultConfigurationName = Release;
		};
		CD4A2A8C23EF2FC40005903D /* Build configuration list for PBXNativeTarget "SmartScan" */ = {
			isa = XCConfigurationList;
			buildConfigurations = (
				CD4A2A8D23EF2FC40005903D /* Debug */,
				CD4A2A8E23EF2FC40005903D /* Release */,
			);
			defaultConfigurationIsVisible = 0;
			defaultConfigurationName = Release;
		};
/* End XCConfigurationList section */
	};
	rootObject = CD4A2A7023EF2FBF0005903D /* Project object */;
}
